
Microsoft Visual Studio Solution File, Format Version 12.00
# Visual Studio Version 17
VisualStudioVersion = 17.10.34607.79
MinimumVisualStudioVersion = 10.0.40219.1
Project("{9A19103F-16F7-4668-BE54-9A1E7A4F7556}") = "EntityFrameworkDemo01", "EntityFrameworkDemo01\EntityFrameworkDemo01.csproj", "{75A8FF29-5D93-48C0-BAAA-224DDC700534}"
EndProject
Project("{9A19103F-16F7-4668-BE54-9A1E7A4F7556}") = "ApiHelloWorld", "ApiHelloWorld\ApiHelloWorld.csproj", "{CC6EB08C-2C67-4DDC-B1FC-48C109DBC80A}"
EndProject
Project("{FAE04EC0-301F-11D3-BF4B-00C04F79EFBC}") = "EntityFrameworkConcurrency01", "EntityFrameworkConcurrency01\EntityFrameworkConcurrency01.csproj", "{CBC9D2F5-A90E-4941-A104-E32AE4F768AF}"
EndProject
Global
	GlobalSection(SolutionConfigurationPlatforms) = preSolution
		Debug|Any CPU = Debug|Any CPU
		Release|Any CPU = Release|Any CPU
	EndGlobalSection
	GlobalSection(ProjectConfigurationPlatforms) = postSolution
		{75A8FF29-5D93-48C0-BAAA-224DDC700534}.Debug|Any CPU.ActiveCfg = Debug|Any CPU
		{75A8FF29-5D93-48C0-BAAA-224DDC700534}.Debug|Any CPU.Build.0 = Debug|Any CPU
		{75A8FF29-5D93-48C0-BAAA-224DDC700534}.Release|Any CPU.ActiveCfg = Release|Any CPU
		{75A8FF29-5D93-48C0-BAAA-224DDC700534}.Release|Any CPU.Build.0 = Release|Any CPU
		{CC6EB08C-2C67-4DDC-B1FC-48C109DBC80A}.Debug|Any CPU.ActiveCfg = Debug|Any CPU
		{CC6EB08C-2C67-4DDC-B1FC-48C109DBC80A}.Debug|Any CPU.Build.0 = Debug|Any CPU
		{CC6EB08C-2C67-4DDC-B1FC-48C109DBC80A}.Release|Any CPU.ActiveCfg = Release|Any CPU
		{CC6EB08C-2C67-4DDC-B1FC-48C109DBC80A}.Release|Any CPU.Build.0 = Release|Any CPU
		{CBC9D2F5-A90E-4941-A104-E32AE4F768AF}.Debug|Any CPU.ActiveCfg = Debug|Any CPU
		{CBC9D2F5-A90E-4941-A104-E32AE4F768AF}.Debug|Any CPU.Build.0 = Debug|Any CPU
		{CBC9D2F5-A90E-4941-A104-E32AE4F768AF}.Release|Any CPU.ActiveCfg = Release|Any CPU
		{CBC9D2F5-A90E-4941-A104-E32AE4F768AF}.Release|Any CPU.Build.0 = Release|Any CPU
	EndGlobalSection
	GlobalSection(SolutionProperties) = preSolution
		HideSolutionNode = FALSE
	EndGlobalSection
	GlobalSection(ExtensibilityGlobals) = postSolution
		SolutionGuid = {78611822-1C77-4121-BC9D-2931CDD54F7B}
	EndGlobalSection
EndGlobal
