
Microsoft Visual Studio Solution File, Format Version 12.00
# Visual Studio Version 17
VisualStudioVersion = 17.10.34707.107
MinimumVisualStudioVersion = 10.0.40219.1
Project("{FAE04EC0-301F-11D3-BF4B-00C04F79EFBC}") = "RestApiDemo", "RestApiDemo\RestApiDemo.csproj", "{4EB0602F-F550-4466-B514-924D60366508}"
EndProject
Global
	GlobalSection(SolutionConfigurationPlatforms) = preSolution
		Debug|Any CPU = Debug|Any CPU
		Release|Any CPU = Release|Any CPU
	EndGlobalSection
	GlobalSection(ProjectConfigurationPlatforms) = postSolution
		{4EB0602F-F550-4466-B514-924D60366508}.Debug|Any CPU.ActiveCfg = Debug|Any CPU
		{4EB0602F-F550-4466-B514-924D60366508}.Debug|Any CPU.Build.0 = Debug|Any CPU
		{4EB0602F-F550-4466-B514-924D60366508}.Release|Any CPU.ActiveCfg = Release|Any CPU
		{4EB0602F-F550-4466-B514-924D60366508}.Release|Any CPU.Build.0 = Release|Any CPU
	EndGlobalSection
	GlobalSection(SolutionProperties) = preSolution
		HideSolutionNode = FALSE
	EndGlobalSection
	GlobalSection(ExtensibilityGlobals) = postSolution
		SolutionGuid = {FE067E7E-60E7-49CF-ADA2-5BB8749978CA}
	EndGlobalSection
EndGlobal
