
Microsoft Visual Studio Solution File, Format Version 12.00
# Visual Studio Version 17
VisualStudioVersion = 17.10.34825.169
MinimumVisualStudioVersion = 10.0.40219.1
Project("{FAE04EC0-301F-11D3-BF4B-00C04F79EFBC}") = "WebPart", "WebPart\WebPart.csproj", "{01ACD44D-6693-49ED-8216-2AABD167305B}"
EndProject
Global
	GlobalSection(SolutionConfigurationPlatforms) = preSolution
		Debug|Any CPU = Debug|Any CPU
		Release|Any CPU = Release|Any CPU
	EndGlobalSection
	GlobalSection(ProjectConfigurationPlatforms) = postSolution
		{01ACD44D-6693-49ED-8216-2AABD167305B}.Debug|Any CPU.ActiveCfg = Debug|Any CPU
		{01ACD44D-6693-49ED-8216-2AABD167305B}.Debug|Any CPU.Build.0 = Debug|Any CPU
		{01ACD44D-6693-49ED-8216-2AABD167305B}.Release|Any CPU.ActiveCfg = Release|Any CPU
		{01ACD44D-6693-49ED-8216-2AABD167305B}.Release|Any CPU.Build.0 = Release|Any CPU
	EndGlobalSection
	GlobalSection(SolutionProperties) = preSolution
		HideSolutionNode = FALSE
	EndGlobalSection
	GlobalSection(ExtensibilityGlobals) = postSolution
		SolutionGuid = {FFA6EFF5-6736-455A-9608-D5DE366EBCE3}
	EndGlobalSection
EndGlobal
